{
  "name": "frontend",
  "version": "0.0.0",
  "lockfileVersion": 3,
  "requires": true,
  "packages": {
    "": {
      "name": "frontend",
      "version": "0.0.0",
      "dependencies": {
        "@angular/animations": "^19.1.0",
        "@angular/cdk": "^19.2.16",
        "@angular/common": "^19.1.0",
        "@angular/compiler": "^19.1.0",
        "@angular/core": "^19.1.0",
        "@angular/forms": "^19.1.0",
        "@angular/material": "^19.2.16",
        "@angular/platform-browser": "^19.1.0",
        "@angular/platform-browser-dynamic": "^19.1.0",
        "@angular/platform-server": "^19.1.0",
        "@angular/router": "^19.1.0",
        "@angular/ssr": "^19.1.3",
        "angular.less": "^0.0.3",
        "daisyui": "^5.0.35",
        "express": "^4.18.2",
        "rxjs": "~7.8.0",
        "tslib": "^2.3.0",
        "zone.js": "~0.15.0"
      },
      "devDependencies": {
        "@angular-devkit/build-angular": "^19.1.3",
        "@angular/cli": "^19.1.3",
        "@angular/compiler-cli": "^19.1.0",
        "@types/express": "^4.17.17",
        "@types/jasmine": "~5.1.0",
        "@types/node": "^18.18.0",
        "autoprefixer": "^10.4.7",
        "jasmine-core": "~5.5.0",
        "karma": "~6.4.0",
        "karma-chrome-launcher": "~3.2.0",
        "karma-coverage": "~2.2.0",
        "karma-jasmine": "~5.1.0",
        "karma-jasmine-html-reporter": "~2.1.0",
        "ngx-tailwind": "4.0.0",
        "postcss": "^8.4.14",
        "tailwindcss": "^3.1.6",
        "typescript": "~5.7.2"
      }
    },
    "../node_modules/.pnpm/@angular-devkit+build-angul_98d3e2d1965f0c669f2e196090964c3a/node_modules/@angular-devkit/build-angular": {
      "version": "19.2.12",
      "dev": true,
      "license": "MIT",
      "dependencies": {
        "@ampproject/remapping": "2.3.0",
        "@angular-devkit/architect": "0.1902.12",
        "@angular-devkit/build-webpack": "0.1902.12",
        "@angular-devkit/core": "19.2.12",
        "@angular/build": "19.2.12",
        "@babel/core": "7.26.10",
        "@babel/generator": "7.26.10",
        "@babel/helper-annotate-as-pure": "7.25.9",
        "@babel/helper-split-export-declaration": "7.24.7",
        "@babel/plugin-transform-async-generator-functions": "7.26.8",
        "@babel/plugin-transform-async-to-generator": "7.25.9",
        "@babel/plugin-transform-runtime": "7.26.10",
        "@babel/preset-env": "7.26.9",
        "@babel/runtime": "7.26.10",
        "@discoveryjs/json-ext": "0.6.3",
        "@ngtools/webpack": "19.2.12",
        "@vitejs/plugin-basic-ssl": "1.2.0",
        "ansi-colors": "4.1.3",
        "autoprefixer": "10.4.20",
        "babel-loader": "9.2.1",
        "browserslist": "^4.21.5",
        "copy-webpack-plugin": "12.0.2",
        "css-loader": "7.1.2",
        "esbuild-wasm": "0.25.4",
        "fast-glob": "3.3.3",
        "http-proxy-middleware": "3.0.5",
        "istanbul-lib-instrument": "6.0.3",
        "jsonc-parser": "3.3.1",
        "karma-source-map-support": "1.4.0",
        "less": "4.2.2",
        "less-loader": "12.2.0",
        "license-webpack-plugin": "4.0.2",
        "loader-utils": "3.3.1",
        "mini-css-extract-plugin": "2.9.2",
        "open": "10.1.0",
        "ora": "5.4.1",
        "picomatch": "4.0.2",
        "piscina": "4.8.0",
        "postcss": "8.5.2",
        "postcss-loader": "8.1.1",
        "resolve-url-loader": "5.0.0",
        "rxjs": "7.8.1",
        "sass": "1.85.0",
        "sass-loader": "16.0.5",
        "semver": "7.7.1",
        "source-map-loader": "5.0.0",
        "source-map-support": "0.5.21",
        "terser": "5.39.0",
        "tree-kill": "1.2.2",
        "tslib": "2.8.1",
        "webpack": "5.98.0",
        "webpack-dev-middleware": "7.4.2",
        "webpack-dev-server": "5.2.0",
        "webpack-merge": "6.0.1",
        "webpack-subresource-integrity": "5.1.0"
      },
      "engines": {
        "node": "^18.19.1 || ^20.11.1 || >=22.0.0",
        "npm": "^6.11.0 || ^7.5.6 || >=8.0.0",
        "yarn": ">= 1.13.0"
      },
      "optionalDependencies": {
        "esbuild": "0.25.4"
      },
      "peerDependencies": {
        "@angular/compiler-cli": "^19.0.0 || ^19.2.0-next.0",
        "@angular/localize": "^19.0.0 || ^19.2.0-next.0",
        "@angular/platform-server": "^19.0.0 || ^19.2.0-next.0",
        "@angular/service-worker": "^19.0.0 || ^19.2.0-next.0",
        "@angular/ssr": "^19.2.12",
        "@web/test-runner": "^0.20.0",
        "browser-sync": "^3.0.2",
        "jest": "^29.5.0",
        "jest-environment-jsdom": "^29.5.0",
        "karma": "^6.3.0",
        "ng-packagr": "^19.0.0 || ^19.2.0-next.0",
        "protractor": "^7.0.0",
        "tailwindcss": "^2.0.0 || ^3.0.0 || ^4.0.0",
        "typescript": ">=5.5 <5.9"
      },
      "peerDependenciesMeta": {
        "@angular/localize": {
          "optional": true
        },
        "@angular/platform-server": {
          "optional": true
        },
        "@angular/service-worker": {
          "optional": true
        },
        "@angular/ssr": {
          "optional": true
        },
        "@web/test-runner": {
          "optional": true
        },
        "browser-sync": {
          "optional": true
        },
        "jest": {
          "optional": true
        },
        "jest-environment-jsdom": {
          "optional": true
        },
        "karma": {
          "optional": true
        },
        "ng-packagr": {
          "optional": true
        },
        "protractor": {
          "optional": true
        },
        "tailwindcss": {
          "optional": true
        }
      }
    },
    "../node_modules/.pnpm/@angular+animations@19.2.11_c4286cc6b18543482d53e181166c5d5a/node_modules/@angular/animations": {
      "version": "19.2.11",
      "license": "MIT",
      "dependencies": {
        "tslib": "^2.3.0"
      },
      "engines": {
        "node": "^18.19.1 || ^20.11.1 || >=22.0.0"
      },
      "peerDependencies": {
        "@angular/common": "19.2.11",
        "@angular/core": "19.2.11"
      }
    },
    "../node_modules/.pnpm/@angular+cli@19.2.12_@types+node@18.19.101/node_modules/@angular/cli": {
      "version": "19.2.12",
      "dev": true,
      "license": "MIT",
      "dependencies": {
        "@angular-devkit/architect": "0.1902.12",
        "@angular-devkit/core": "19.2.12",
        "@angular-devkit/schematics": "19.2.12",
        "@inquirer/prompts": "7.3.2",
        "@listr2/prompt-adapter-inquirer": "2.0.18",
        "@schematics/angular": "19.2.12",
        "@yarnpkg/lockfile": "1.1.0",
        "ini": "5.0.0",
        "jsonc-parser": "3.3.1",
        "listr2": "8.2.5",
        "npm-package-arg": "12.0.2",
        "npm-pick-manifest": "10.0.0",
        "pacote": "20.0.0",
        "resolve": "1.22.10",
        "semver": "7.7.1",
        "symbol-observable": "4.0.0",
        "yargs": "17.7.2"
      },
      "bin": {
        "ng": "bin/ng.js"
      },
      "engines": {
        "node": "^18.19.1 || ^20.11.1 || >=22.0.0",
        "npm": "^6.11.0 || ^7.5.6 || >=8.0.0",
        "yarn": ">= 1.13.0"
      }
    },
    "../node_modules/.pnpm/@angular+common@19.2.11_@an_ae69c840b1d4cd45f749897ed1fbe7f9/node_modules/@angular/common": {
      "version": "19.2.11",
      "license": "MIT",
      "dependencies": {
        "tslib": "^2.3.0"
      },
      "engines": {
        "node": "^18.19.1 || ^20.11.1 || >=22.0.0"
      },
      "peerDependencies": {
        "@angular/core": "19.2.11",
        "rxjs": "^6.5.3 || ^7.4.0"
      }
    },
    "../node_modules/.pnpm/@angular+compiler-cli@19.2._f491b63b939994e5e9dcc558a07d0fb0/node_modules/@angular/compiler-cli": {
      "version": "19.2.11",
      "dev": true,
      "license": "MIT",
      "dependencies": {
        "@babel/core": "7.26.9",
        "@jridgewell/sourcemap-codec": "^1.4.14",
        "chokidar": "^4.0.0",
        "convert-source-map": "^1.5.1",
        "reflect-metadata": "^0.2.0",
        "semver": "^7.0.0",
        "tslib": "^2.3.0",
        "yargs": "^17.2.1"
      },
      "bin": {
        "ng-xi18n": "bundles/src/bin/ng_xi18n.js",
        "ngc": "bundles/src/bin/ngc.js",
        "ngcc": "bundles/ngcc/index.js"
      },
      "devDependencies": {
        "@angular/compiler": "workspace:*"
      },
      "engines": {
        "node": "^18.19.1 || ^20.11.1 || >=22.0.0"
      },
      "peerDependencies": {
        "@angular/compiler": "19.2.11",
        "typescript": ">=5.5 <5.9"
      }
    },
    "../node_modules/.pnpm/@angular+compiler@19.2.11/node_modules/@angular/compiler": {
      "version": "19.2.11",
      "license": "MIT",
      "dependencies": {
        "tslib": "^2.3.0"
      },
      "engines": {
        "node": "^18.19.1 || ^20.11.1 || >=22.0.0"
      }
    },
    "../node_modules/.pnpm/@angular+core@19.2.11_rxjs@7.8.2_zone.js@0.15.0/node_modules/@angular/core": {
      "version": "19.2.11",
      "license": "MIT",
      "dependencies": {
        "tslib": "^2.3.0"
      },
      "engines": {
        "node": "^18.19.1 || ^20.11.1 || >=22.0.0"
      },
      "peerDependencies": {
        "rxjs": "^6.5.3 || ^7.4.0",
        "zone.js": "~0.15.0"
      }
    },
    "../node_modules/.pnpm/@angular+forms@19.2.11_@ang_261e060b7694730d76d65881e61b2ebf/node_modules/@angular/forms": {
      "version": "19.2.11",
      "license": "MIT",
      "dependencies": {
        "tslib": "^2.3.0"
      },
      "engines": {
        "node": "^18.19.1 || ^20.11.1 || >=22.0.0"
      },
      "peerDependencies": {
        "@angular/common": "19.2.11",
        "@angular/core": "19.2.11",
        "@angular/platform-browser": "19.2.11",
        "rxjs": "^6.5.3 || ^7.4.0"
      }
    },
    "../node_modules/.pnpm/@angular+platform-browser-d_9c47af3f83d261d68412c8ca583d23b2/node_modules/@angular/platform-browser-dynamic": {
      "version": "19.2.11",
      "license": "MIT",
      "dependencies": {
        "tslib": "^2.3.0"
      },
      "engines": {
        "node": "^18.19.1 || ^20.11.1 || >=22.0.0"
      },
      "peerDependencies": {
        "@angular/common": "19.2.11",
        "@angular/compiler": "19.2.11",
        "@angular/core": "19.2.11",
        "@angular/platform-browser": "19.2.11"
      }
    },
    "../node_modules/.pnpm/@angular+platform-browser@1_76cebfd18c8ed2e9f853c125abb1f63e/node_modules/@angular/platform-browser": {
      "version": "19.2.11",
      "license": "MIT",
      "dependencies": {
        "tslib": "^2.3.0"
      },
      "engines": {
        "node": "^18.19.1 || ^20.11.1 || >=22.0.0"
      },
      "peerDependencies": {
        "@angular/animations": "19.2.11",
        "@angular/common": "19.2.11",
        "@angular/core": "19.2.11"
      },
      "peerDependenciesMeta": {
        "@angular/animations": {
          "optional": true
        }
      }
    },
    "../node_modules/.pnpm/@angular+platform-server@19_243773b7e570f9a900c6c073dd575765/node_modules/@angular/platform-server": {
      "version": "19.2.11",
      "license": "MIT",
      "dependencies": {
        "tslib": "^2.3.0",
        "xhr2": "^0.2.0"
      },
      "engines": {
        "node": "^18.19.1 || ^20.11.1 || >=22.0.0"
      },
      "peerDependencies": {
        "@angular/common": "19.2.11",
        "@angular/compiler": "19.2.11",
        "@angular/core": "19.2.11",
        "@angular/platform-browser": "19.2.11",
        "rxjs": "^6.5.3 || ^7.4.0"
      }
    },
    "../node_modules/.pnpm/@angular+router@19.2.11_@an_1d596b0f90adb4465534551925c386ef/node_modules/@angular/router": {
      "version": "19.2.11",
      "license": "MIT",
      "dependencies": {
        "tslib": "^2.3.0"
      },
      "engines": {
        "node": "^18.19.1 || ^20.11.1 || >=22.0.0"
      },
      "peerDependencies": {
        "@angular/common": "19.2.11",
        "@angular/core": "19.2.11",
        "@angular/platform-browser": "19.2.11",
        "rxjs": "^6.5.3 || ^7.4.0"
      }
    },
    "../node_modules/.pnpm/@angular+ssr@19.2.12_b385e30b96e135996343462b7ccaef4e/node_modules/@angular/ssr": {
      "version": "19.2.12",
      "license": "MIT",
      "dependencies": {
        "tslib": "^2.3.0"
      },
      "devDependencies": {
        "@angular-devkit/schematics": "workspace:*",
        "@angular/common": "19.2.0-rc.0",
        "@angular/compiler": "19.2.0-rc.0",
        "@angular/core": "19.2.0-rc.0",
        "@angular/platform-browser": "19.2.0-rc.0",
        "@angular/platform-server": "19.2.0-rc.0",
        "@angular/router": "19.2.0-rc.0",
        "@schematics/angular": "workspace:*"
      },
      "peerDependencies": {
        "@angular/common": "^19.0.0 || ^19.2.0-next.0",
        "@angular/core": "^19.0.0 || ^19.2.0-next.0",
        "@angular/platform-server": "^19.0.0 || ^19.2.0-next.0",
        "@angular/router": "^19.0.0 || ^19.2.0-next.0"
      },
      "peerDependenciesMeta": {
        "@angular/platform-server": {
          "optional": true
        }
      }
    },
    "../node_modules/.pnpm/@types+express@4.17.22/node_modules/@types/express": {
      "version": "4.17.22",
      "dev": true,
      "license": "MIT",
      "dependencies": {
        "@types/body-parser": "*",
        "@types/express-serve-static-core": "^4.17.33",
        "@types/qs": "*",
        "@types/serve-static": "*"
      }
    },
    "../node_modules/.pnpm/@types+jasmine@5.1.8/node_modules/@types/jasmine": {
      "version": "5.1.8",
      "dev": true,
      "license": "MIT"
    },
    "../node_modules/.pnpm/@types+node@18.19.101/node_modules/@types/node": {
      "version": "18.19.101",
      "dev": true,
      "license": "MIT",
      "dependencies": {
        "undici-types": "~5.26.4"
      }
    },
    "../node_modules/.pnpm/angular.less@0.0.3/node_modules/angular.less": {
      "version": "0.0.3",
      "license": "BSD License",
      "dependencies": {
        "angular": "1.x",
        "less": ">=1.0"
      }
    },
    "../node_modules/.pnpm/autoprefixer@10.4.21_postcss@8.5.3/node_modules/autoprefixer": {
      "version": "10.4.21",
      "dev": true,
      "funding": [
        {
          "type": "opencollective",
          "url": "https://opencollective.com/postcss/"
        },
        {
          "type": "tidelift",
          "url": "https://tidelift.com/funding/github/npm/autoprefixer"
        },
        {
          "type": "github",
          "url": "https://github.com/sponsors/ai"
        }
      ],
      "license": "MIT",
      "dependencies": {
        "browserslist": "^4.24.4",
        "caniuse-lite": "^1.0.30001702",
        "fraction.js": "^4.3.7",
        "normalize-range": "^0.1.2",
        "picocolors": "^1.1.1",
        "postcss-value-parser": "^4.2.0"
      },
      "bin": {
        "autoprefixer": "bin/autoprefixer"
      },
      "engines": {
        "node": "^10 || ^12 || >=14"
      },
      "peerDependencies": {
        "postcss": "^8.1.0"
      }
    },
    "../node_modules/.pnpm/daisyui@5.0.35/node_modules/daisyui": {
      "version": "5.0.35",
      "license": "MIT",
      "funding": {
        "url": "https://github.com/saadeghi/daisyui?sponsor=1"
      }
    },
    "../node_modules/.pnpm/express@4.21.2/node_modules/express": {
      "version": "4.21.2",
      "license": "MIT",
      "dependencies": {
        "accepts": "~1.3.8",
        "array-flatten": "1.1.1",
        "body-parser": "1.20.3",
        "content-disposition": "0.5.4",
        "content-type": "~1.0.4",
        "cookie": "0.7.1",
        "cookie-signature": "1.0.6",
        "debug": "2.6.9",
        "depd": "2.0.0",
        "encodeurl": "~2.0.0",
        "escape-html": "~1.0.3",
        "etag": "~1.8.1",
        "finalhandler": "1.3.1",
        "fresh": "0.5.2",
        "http-errors": "2.0.0",
        "merge-descriptors": "1.0.3",
        "methods": "~1.1.2",
        "on-finished": "2.4.1",
        "parseurl": "~1.3.3",
        "path-to-regexp": "0.1.12",
        "proxy-addr": "~2.0.7",
        "qs": "6.13.0",
        "range-parser": "~1.2.1",
        "safe-buffer": "5.2.1",
        "send": "0.19.0",
        "serve-static": "1.16.2",
        "setprototypeof": "1.2.0",
        "statuses": "2.0.1",
        "type-is": "~1.6.18",
        "utils-merge": "1.0.1",
        "vary": "~1.1.2"
      },
      "devDependencies": {
        "after": "0.8.2",
        "connect-redis": "3.4.2",
        "cookie-parser": "1.4.6",
        "cookie-session": "2.0.0",
        "ejs": "3.1.9",
        "eslint": "8.47.0",
        "express-session": "1.17.2",
        "hbs": "4.2.0",
        "marked": "0.7.0",
        "method-override": "3.0.0",
        "mocha": "10.2.0",
        "morgan": "1.10.0",
        "nyc": "15.1.0",
        "pbkdf2-password": "1.2.1",
        "supertest": "6.3.0",
        "vhost": "~3.0.2"
      },
      "engines": {
        "node": ">= 0.10.0"
      },
      "funding": {
        "type": "opencollective",
        "url": "https://opencollective.com/express"
      }
    },
    "../node_modules/.pnpm/jasmine-core@5.5.0/node_modules/jasmine-core": {
      "version": "5.5.0",
      "dev": true,
      "license": "MIT",
      "devDependencies": {
        "eslint": "^8.36.0",
        "eslint-plugin-compat": "^4.0.0",
        "glob": "^10.2.3",
        "grunt": "^1.0.4",
        "grunt-cli": "^1.3.2",
        "grunt-contrib-compress": "^2.0.0",
        "grunt-contrib-concat": "^2.0.0",
        "grunt-css-url-embed": "^1.11.1",
        "grunt-sass": "^3.0.2",
        "jasmine": "^5.0.0",
        "jasmine-browser-runner": "github:jasmine/jasmine-browser-runner",
        "jsdom": "^22.0.0",
        "load-grunt-tasks": "^5.1.0",
        "prettier": "1.17.1",
        "sass": "^1.58.3",
        "shelljs": "^0.8.3",
        "temp": "^0.9.0"
      }
    },
    "../node_modules/.pnpm/karma-chrome-launcher@3.2.0/node_modules/karma-chrome-launcher": {
      "version": "3.2.0",
      "dev": true,
      "license": "MIT",
      "dependencies": {
        "which": "^1.2.1"
      },
      "devDependencies": {
        "@commitlint/cli": "^12.1.4",
        "@commitlint/config-angular": "^12.1.4",
        "@semantic-release/changelog": "^5.0.1",
        "@semantic-release/git": "^9.0.1",
        "chai": "^4.2.0",
        "karma": "^6.4.1",
        "karma-mocha": "1.x || ^0.2.0",
        "mocha": "^5.2.0",
        "semantic-release": "^17.0.1",
        "sinon": "^7.1.1",
        "standard": "^12.0.0"
      }
    },
    "../node_modules/.pnpm/karma-coverage@2.2.1/node_modules/karma-coverage": {
      "version": "2.2.1",
      "dev": true,
      "license": "MIT",
      "dependencies": {
        "istanbul-lib-coverage": "^3.2.0",
        "istanbul-lib-instrument": "^5.1.0",
        "istanbul-lib-report": "^3.0.0",
        "istanbul-lib-source-maps": "^4.0.1",
        "istanbul-reports": "^3.0.5",
        "minimatch": "^3.0.4"
      },
      "devDependencies": {
        "@commitlint/cli": "^8.3.6",
        "@commitlint/config-conventional": "^8.3.6",
        "@commitlint/travis-cli": "^8.3.6",
        "@semantic-release/changelog": "^5.0.1",
        "@semantic-release/git": "^9.0.0",
        "@semantic-release/npm": "^7.0.5",
        "chai": "^4.3.4",
        "coffeescript": "^2.6.1",
        "eslint": "^6.5.1",
        "eslint-config-standard": "^14.1.1",
        "eslint-plugin-import": "^2.25.3",
        "eslint-plugin-node": "^10.0.0",
        "eslint-plugin-promise": "^4.3.1",
        "eslint-plugin-standard": "^4.1.0",
        "grunt": "^1.4.1",
        "grunt-cli": "^1.4.3",
        "grunt-karma": "^3.0.2",
        "grunt-npm": "^0.0.2",
        "husky": "^4.3.8",
        "ibrik": "^2.0.0",
        "karma": "^4.2.0",
        "karma-coffee-preprocessor": "^1.0.1",
        "karma-firefox-launcher": "1.x || ^0.1.6",
        "karma-mocha": "^2.0.1",
        "karma-requirejs": "1.x || ^0.2.2",
        "mocha": "^7.2.0",
        "mocks": "0.0.15",
        "requirejs": "^2.1.20",
        "semantic-release": "^17.0.1",
        "sinon": "^7.2.7",
        "sinon-chai": "^3.7.0"
      },
      "engines": {
        "node": ">=10.0.0"
      }
    },
    "../node_modules/.pnpm/karma-jasmine-html-reporter_f95d815d614bf8145daa9defc62a79de/node_modules/karma-jasmine-html-reporter": {
      "version": "2.1.0",
      "dev": true,
      "license": "MIT",
      "peerDependencies": {
        "jasmine-core": "^4.0.0 || ^5.0.0",
        "karma": "^6.0.0",
        "karma-jasmine": "^5.0.0"
      }
    },
    "../node_modules/.pnpm/karma-jasmine@5.1.0_karma@6.4.4/node_modules/karma-jasmine": {
      "version": "5.1.0",
      "dev": true,
      "license": "MIT",
      "dependencies": {
        "jasmine-core": "^4.1.0"
      },
      "devDependencies": {
        "@commitlint/cli": "^16.2.3",
        "@commitlint/config-angular": "^16.2.3",
        "@semantic-release/changelog": "^6.0.1",
        "@semantic-release/git": "^10.0.1",
        "@semantic-release/github": "^8.0.4",
        "@semantic-release/npm": "^9.0.1",
        "eslint": "^7.32.0",
        "eslint-config-standard": "^16.0.3",
        "eslint-plugin-import": "^2.26.0",
        "eslint-plugin-node": "^11.1.0",
        "eslint-plugin-promise": "^5.2.0",
        "eslint-plugin-standard": "^4.1.0",
        "grunt": "^1.5.2",
        "husky": "^4.3.8",
        "jasmine": "^4.1.0",
        "karma": "^6.3.18",
        "karma-firefox-launcher": "^2.1.2",
        "semantic-release": "^19.0.2"
      },
      "engines": {
        "node": ">=12"
      },
      "peerDependencies": {
        "karma": "^6.0.0"
      }
    },
    "../node_modules/.pnpm/karma@6.4.4/node_modules/karma": {
      "version": "6.4.4",
      "dev": true,
      "license": "MIT",
      "dependencies": {
        "@colors/colors": "1.5.0",
        "body-parser": "^1.19.0",
        "braces": "^3.0.2",
        "chokidar": "^3.5.1",
        "connect": "^3.7.0",
        "di": "^0.0.1",
        "dom-serialize": "^2.2.1",
        "glob": "^7.1.7",
        "graceful-fs": "^4.2.6",
        "http-proxy": "^1.18.1",
        "isbinaryfile": "^4.0.8",
        "lodash": "^4.17.21",
        "log4js": "^6.4.1",
        "mime": "^2.5.2",
        "minimatch": "^3.0.4",
        "mkdirp": "^0.5.5",
        "qjobs": "^1.2.0",
        "range-parser": "^1.2.1",
        "rimraf": "^3.0.2",
        "socket.io": "^4.7.2",
        "source-map": "^0.6.1",
        "tmp": "^0.2.1",
        "ua-parser-js": "^0.7.30",
        "yargs": "^16.1.1"
      },
      "bin": {
        "karma": "bin/karma"
      },
      "devDependencies": {
        "@commitlint/cli": "^12.1.4",
        "@commitlint/config-angular": "^12.1.4",
        "@semantic-release/changelog": "^5.0.1",
        "@semantic-release/git": "^9.0.1",
        "browserify": "^16.2.3",
        "chai": "^4.2.0",
        "chai-as-promised": "^7.1.1",
        "chai-subset": "^1.2.2",
        "cucumber": "^6.0.5",
        "eslint": "^7.6.0",
        "eslint-config-standard": "^14.1.1",
        "eslint-plugin-import": "^2.22.0",
        "eslint-plugin-node": "^11.1.0",
        "eslint-plugin-promise": "^4.2.1",
        "eslint-plugin-standard": "^4.0.1",
        "http2": "^3.3.6",
        "jasmine-core": "^3.6.0",
        "karma": ".",
        "karma-browserify": "^7.0.0",
        "karma-browserstack-launcher": "^1.6.0",
        "karma-chai": "^0.1.0",
        "karma-chrome-launcher": "^2.2.0",
        "karma-firefox-launcher": "^1.3.0",
        "karma-jasmine": "^2.0.1",
        "karma-junit-reporter": "^2.0.1",
        "karma-mocha": "^1.0.1",
        "karma-mocha-reporter": "^2.0.0",
        "karma-script-launcher": "^1.0.0",
        "mocha": "^4.1.0",
        "mocks": "^0.0.15",
        "proxyquire": "^2.1.3",
        "puppeteer": "^1.20.0",
        "semantic-release": "^17.4.7",
        "sinon": "7.3.2",
        "sinon-chai": "^3.5.0",
        "supertest": "^4.0.2",
        "timer-shim": "^0.3.0",
        "watchify": "^3.11.1",
        "which": "^1.3.1"
      },
      "engines": {
        "node": ">= 10"
      }
    },
    "../node_modules/.pnpm/ngx-tailwind@4.0.0_@angular_6e9b6f9f9b748f5065632603c960fad1/node_modules/ngx-tailwind": {
      "version": "4.0.0",
      "dev": true,
      "license": "MIT",
      "dependencies": {
        "@angular-devkit/core": "^14.0.5",
        "@angular-devkit/schematics": "^14.0.5",
        "@angular/cdk": "~14.0.4",
        "@schematics/angular": "^14.0.5"
      },
      "devDependencies": {
        "@types/node": "^16.11.7",
        "prettier": "~2.7.1",
        "typescript": "~4.7.4"
      }
    },
    "../node_modules/.pnpm/postcss@8.5.3/node_modules/postcss": {
      "version": "8.5.3",
      "dev": true,
      "funding": [
        {
          "type": "opencollective",
          "url": "https://opencollective.com/postcss/"
        },
        {
          "type": "tidelift",
          "url": "https://tidelift.com/funding/github/npm/postcss"
        },
        {
          "type": "github",
          "url": "https://github.com/sponsors/ai"
        }
      ],
      "license": "MIT",
      "dependencies": {
        "nanoid": "^3.3.8",
        "picocolors": "^1.1.1",
        "source-map-js": "^1.2.1"
      },
      "engines": {
        "node": "^10 || ^12 || >=14"
      }
    },
    "../node_modules/.pnpm/rxjs@7.8.2/node_modules/rxjs": {
      "version": "7.8.2",
      "license": "Apache-2.0",
      "dependencies": {
        "tslib": "^2.1.0"
      },
      "devDependencies": {
        "@angular-devkit/build-optimizer": "0.4.6",
        "@angular-devkit/schematics": "^11.0.7",
        "@swc/core": "^1.2.128",
        "@swc/helpers": "^0.3.2",
        "@types/chai": "^4.2.11",
        "@types/lodash": "4.14.102",
        "@types/mocha": "^7.0.2",
        "@types/node": "^14.14.6",
        "@types/shelljs": "^0.8.8",
        "@types/sinon": "4.1.3",
        "@types/sinon-chai": "2.7.29",
        "@types/source-map": "^0.5.2",
        "@typescript-eslint/eslint-plugin": "^4.29.1",
        "@typescript-eslint/parser": "^4.29.1",
        "babel-polyfill": "6.26.0",
        "chai": "^4.2.0",
        "check-side-effects": "0.0.23",
        "color": "3.0.0",
        "colors": "1.1.2",
        "cross-env": "5.1.3",
        "cz-conventional-changelog": "1.2.0",
        "dependency-cruiser": "^9.12.0",
        "escape-string-regexp": "1.0.5",
        "eslint": "^7.8.1",
        "eslint-plugin-jasmine": "^2.10.1",
        "form-data": "^3.0.0",
        "fs-extra": "^8.1.0",
        "glob": "7.1.2",
        "google-closure-compiler-js": "20170218.0.0",
        "husky": "^4.2.5",
        "klaw-sync": "3.0.2",
        "lint-staged": "^10.2.11",
        "lodash": "^4.17.15",
        "minimist": "^1.2.5",
        "mocha": "^8.1.3",
        "nodemon": "^1.9.2",
        "npm-run-all": "4.1.2",
        "opn-cli": "3.1.0",
        "platform": "1.3.5",
        "prettier": "^2.5.1",
        "promise": "8.0.1",
        "rollup": "0.66.6",
        "rollup-plugin-alias": "1.4.0",
        "rollup-plugin-inject": "2.0.0",
        "rollup-plugin-node-resolve": "2.0.0",
        "shelljs": "^0.8.4",
        "shx": "^0.3.2",
        "sinon": "4.3.0",
        "sinon-chai": "2.14.0",
        "source-map-support": "0.5.3",
        "systemjs": "^0.21.0",
        "ts-node": "^9.1.1",
        "tslint": "^5.20.1",
        "tslint-config-prettier": "^1.18.0",
        "tslint-etc": "1.13.10",
        "tslint-no-toplevel-property-access": "0.0.2",
        "tslint-no-unused-expression-chai": "0.0.3",
        "typescript": "~4.2.0",
        "validate-commit-msg": "2.14.0",
        "web-streams-polyfill": "^3.0.2",
        "webpack": "^4.31.0"
      }
    },
    "../node_modules/.pnpm/tailwindcss@3.4.17/node_modules/tailwindcss": {
      "version": "3.4.17",
      "dev": true,
      "license": "MIT",
      "dependencies": {
        "@alloc/quick-lru": "^5.2.0",
        "arg": "^5.0.2",
        "chokidar": "^3.6.0",
        "didyoumean": "^1.2.2",
        "dlv": "^1.1.3",
        "fast-glob": "^3.3.2",
        "glob-parent": "^6.0.2",
        "is-glob": "^4.0.3",
        "jiti": "^1.21.6",
        "lilconfig": "^3.1.3",
        "micromatch": "^4.0.8",
        "normalize-path": "^3.0.0",
        "object-hash": "^3.0.0",
        "picocolors": "^1.1.1",
        "postcss": "^8.4.47",
        "postcss-import": "^15.1.0",
        "postcss-js": "^4.0.1",
        "postcss-load-config": "^4.0.2",
        "postcss-nested": "^6.2.0",
        "postcss-selector-parser": "^6.1.2",
        "resolve": "^1.22.8",
        "sucrase": "^3.35.0"
      },
      "bin": {
        "tailwind": "lib/cli.js",
        "tailwindcss": "lib/cli.js"
      },
      "devDependencies": {
        "@swc/cli": "0.1.62",
        "@swc/core": "1.3.55",
        "@swc/jest": "0.2.26",
        "@swc/register": "0.1.10",
        "autoprefixer": "^10.4.20",
        "browserslist": "^4.24.0",
        "concurrently": "^8.2.2",
        "cssnano": "^6.1.2",
        "esbuild": "^0.24.0",
        "eslint": "^8.57.1",
        "eslint-config-prettier": "^8.10.0",
        "eslint-plugin-prettier": "^4.2.1",
        "jest": "^29.7.0",
        "jest-diff": "^29.7.0",
        "lightningcss": "1.27.0",
        "prettier": "^2.8.8",
        "rimraf": "^5.0.10",
        "source-map-js": "^1.2.1",
        "turbo": "^1.13.4"
      },
      "engines": {
        "node": ">=14.0.0"
      }
    },
    "../node_modules/.pnpm/tslib@2.8.1/node_modules/tslib": {
      "version": "2.8.1",
      "license": "0BSD"
    },
    "../node_modules/.pnpm/typescript@5.7.3/node_modules/typescript": {
      "version": "5.7.3",
      "dev": true,
      "license": "Apache-2.0",
      "bin": {
        "tsc": "bin/tsc",
        "tsserver": "bin/tsserver"
      },
      "devDependencies": {
        "@dprint/formatter": "^0.4.1",
        "@dprint/typescript": "0.93.0",
        "@esfx/canceltoken": "^1.0.0",
        "@eslint/js": "^9.11.1",
        "@octokit/rest": "^21.0.2",
        "@types/chai": "^4.3.20",
        "@types/diff": "^5.2.2",
        "@types/minimist": "^1.2.5",
        "@types/mocha": "^10.0.8",
        "@types/ms": "^0.7.34",
        "@types/node": "latest",
        "@types/source-map-support": "^0.5.10",
        "@types/which": "^3.0.4",
        "@typescript-eslint/rule-tester": "^8.8.0",
        "@typescript-eslint/type-utils": "^8.8.0",
        "@typescript-eslint/utils": "^8.8.0",
        "azure-devops-node-api": "^14.1.0",
        "c8": "^10.1.2",
        "chai": "^4.5.0",
        "chalk": "^4.1.2",
        "chokidar": "^3.6.0",
        "diff": "^5.2.0",
        "dprint": "^0.47.2",
        "esbuild": "^0.24.0",
        "eslint": "^9.11.1",
        "eslint-formatter-autolinkable-stylish": "^1.4.0",
        "eslint-plugin-regexp": "^2.6.0",
        "fast-xml-parser": "^4.5.0",
        "glob": "^10.4.5",
        "globals": "^15.9.0",
        "hereby": "^1.10.0",
        "jsonc-parser": "^3.3.1",
        "knip": "^5.30.6",
        "minimist": "^1.2.8",
        "mocha": "^10.7.3",
        "mocha-fivemat-progress-reporter": "^0.1.0",
        "monocart-coverage-reports": "^2.11.0",
        "ms": "^2.1.3",
        "playwright": "^1.47.2",
        "source-map-support": "^0.5.21",
        "tslib": "^2.7.0",
        "typescript": "^5.6.2",
        "typescript-eslint": "^8.8.0",
        "which": "^3.0.1"
      },
      "engines": {
        "node": ">=14.17"
      }
    },
    "../node_modules/.pnpm/zone.js@0.15.0/node_modules/zone.js": {
      "version": "0.15.0",
      "license": "MIT",
      "devDependencies": {
        "@externs/nodejs": "^1.5.0",
        "@types/node": "^10.9.4",
        "domino": "https://github.com/angular/domino.git#8f228f8862540c6ccd14f76b5a1d9bb5458618af",
        "google-closure-compiler": "^20240317.0.0",
        "jest": "^29.0",
        "jest-environment-jsdom": "^29.0.3",
        "jest-environment-node": "^29.0.3",
        "mocha": "^10.2.0",
        "mock-require": "3.0.3",
        "tslib": "^2.3.0"
      }
    },
    "node_modules/@angular-devkit/build-angular": {
      "resolved": "../node_modules/.pnpm/@angular-devkit+build-angul_98d3e2d1965f0c669f2e196090964c3a/node_modules/@angular-devkit/build-angular",
      "link": true
    },
    "node_modules/@angular/animations": {
      "resolved": "../node_modules/.pnpm/@angular+animations@19.2.11_c4286cc6b18543482d53e181166c5d5a/node_modules/@angular/animations",
      "link": true
    },
    "node_modules/@angular/cdk": {
      "version": "19.2.16",
      "resolved": "https://registry.npmjs.org/@angular/cdk/-/cdk-19.2.16.tgz",
      "integrity": "sha512-67nbWqoiZIBc8nEaCn7GHd02bM5T9qAbJ5w+Zq4V19CL3oCtrCrS4CV3Lsoi5HETSmn4iZcYS/Dph8omCvNkew==",
      "dependencies": {
        "parse5": "^7.1.2",
        "tslib": "^2.3.0"
      },
      "peerDependencies": {
        "@angular/common": "^19.0.0 || ^20.0.0",
        "@angular/core": "^19.0.0 || ^20.0.0",
        "rxjs": "^6.5.3 || ^7.4.0"
      }
    },
    "node_modules/@angular/cli": {
      "resolved": "../node_modules/.pnpm/@angular+cli@19.2.12_@types+node@18.19.101/node_modules/@angular/cli",
      "link": true
    },
    "node_modules/@angular/common": {
      "resolved": "../node_modules/.pnpm/@angular+common@19.2.11_@an_ae69c840b1d4cd45f749897ed1fbe7f9/node_modules/@angular/common",
      "link": true
    },
    "node_modules/@angular/compiler": {
      "resolved": "../node_modules/.pnpm/@angular+compiler@19.2.11/node_modules/@angular/compiler",
      "link": true
    },
    "node_modules/@angular/compiler-cli": {
      "resolved": "../node_modules/.pnpm/@angular+compiler-cli@19.2._f491b63b939994e5e9dcc558a07d0fb0/node_modules/@angular/compiler-cli",
      "link": true
    },
    "node_modules/@angular/core": {
      "resolved": "../node_modules/.pnpm/@angular+core@19.2.11_rxjs@7.8.2_zone.js@0.15.0/node_modules/@angular/core",
      "link": true
    },
    "node_modules/@angular/forms": {
      "resolved": "../node_modules/.pnpm/@angular+forms@19.2.11_@ang_261e060b7694730d76d65881e61b2ebf/node_modules/@angular/forms",
      "link": true
    },
    "node_modules/@angular/material": {
      "version": "19.2.16",
      "resolved": "https://registry.npmjs.org/@angular/material/-/material-19.2.16.tgz",
      "integrity": "sha512-SSky/3MBOTdCBWOEffmVdnnKaCX6T4r3CqK2TJCLqWsHarPz5jovYIacfOe1RJzXijmDxXK5+VYhS64PNJaa6g==",
      "dependencies": {
        "tslib": "^2.3.0"
      },
      "peerDependencies": {
        "@angular/cdk": "19.2.16",
        "@angular/common": "^19.0.0 || ^20.0.0",
        "@angular/core": "^19.0.0 || ^20.0.0",
        "@angular/forms": "^19.0.0 || ^20.0.0",
        "@angular/platform-browser": "^19.0.0 || ^20.0.0",
        "rxjs": "^6.5.3 || ^7.4.0"
      }
    },
    "node_modules/@angular/platform-browser": {
      "resolved": "../node_modules/.pnpm/@angular+platform-browser@1_76cebfd18c8ed2e9f853c125abb1f63e/node_modules/@angular/platform-browser",
      "link": true
    },
    "node_modules/@angular/platform-browser-dynamic": {
      "resolved": "../node_modules/.pnpm/@angular+platform-browser-d_9c47af3f83d261d68412c8ca583d23b2/node_modules/@angular/platform-browser-dynamic",
      "link": true
    },
    "node_modules/@angular/platform-server": {
      "resolved": "../node_modules/.pnpm/@angular+platform-server@19_243773b7e570f9a900c6c073dd575765/node_modules/@angular/platform-server",
      "link": true
    },
    "node_modules/@angular/router": {
      "resolved": "../node_modules/.pnpm/@angular+router@19.2.11_@an_1d596b0f90adb4465534551925c386ef/node_modules/@angular/router",
      "link": true
    },
    "node_modules/@angular/ssr": {
      "resolved": "../node_modules/.pnpm/@angular+ssr@19.2.12_b385e30b96e135996343462b7ccaef4e/node_modules/@angular/ssr",
      "link": true
    },
    "node_modules/@types/express": {
      "resolved": "../node_modules/.pnpm/@types+express@4.17.22/node_modules/@types/express",
      "link": true
    },
    "node_modules/@types/jasmine": {
      "resolved": "../node_modules/.pnpm/@types+jasmine@5.1.8/node_modules/@types/jasmine",
      "link": true
    },
    "node_modules/@types/node": {
      "resolved": "../node_modules/.pnpm/@types+node@18.19.101/node_modules/@types/node",
      "link": true
    },
    "node_modules/angular.less": {
      "resolved": "../node_modules/.pnpm/angular.less@0.0.3/node_modules/angular.less",
      "link": true
    },
    "node_modules/autoprefixer": {
      "resolved": "../node_modules/.pnpm/autoprefixer@10.4.21_postcss@8.5.3/node_modules/autoprefixer",
      "link": true
    },
    "node_modules/daisyui": {
      "resolved": "../node_modules/.pnpm/daisyui@5.0.35/node_modules/daisyui",
      "link": true
    },
    "node_modules/entities": {
      "version": "6.0.1",
      "resolved": "https://registry.npmjs.org/entities/-/entities-6.0.1.tgz",
      "integrity": "sha512-aN97NXWF6AWBTahfVOIrB/NShkzi5H7F9r1s9mD3cDj4Ko5f2qhhVoYMibXF7GlLveb/D2ioWay8lxI97Ven3g==",
      "engines": {
        "node": ">=0.12"
      },
      "funding": {
        "url": "https://github.com/fb55/entities?sponsor=1"
      }
    },
    "node_modules/express": {
      "resolved": "../node_modules/.pnpm/express@4.21.2/node_modules/express",
      "link": true
    },
    "node_modules/jasmine-core": {
      "resolved": "../node_modules/.pnpm/jasmine-core@5.5.0/node_modules/jasmine-core",
      "link": true
    },
    "node_modules/karma": {
      "resolved": "../node_modules/.pnpm/karma@6.4.4/node_modules/karma",
      "link": true
    },
    "node_modules/karma-chrome-launcher": {
      "resolved": "../node_modules/.pnpm/karma-chrome-launcher@3.2.0/node_modules/karma-chrome-launcher",
      "link": true
    },
    "node_modules/karma-coverage": {
      "resolved": "../node_modules/.pnpm/karma-coverage@2.2.1/node_modules/karma-coverage",
      "link": true
    },
    "node_modules/karma-jasmine": {
      "resolved": "../node_modules/.pnpm/karma-jasmine@5.1.0_karma@6.4.4/node_modules/karma-jasmine",
      "link": true
    },
    "node_modules/karma-jasmine-html-reporter": {
      "resolved": "../node_modules/.pnpm/karma-jasmine-html-reporter_f95d815d614bf8145daa9defc62a79de/node_modules/karma-jasmine-html-reporter",
      "link": true
    },
    "node_modules/ngx-tailwind": {
      "resolved": "../node_modules/.pnpm/ngx-tailwind@4.0.0_@angular_6e9b6f9f9b748f5065632603c960fad1/node_modules/ngx-tailwind",
      "link": true
    },
    "node_modules/parse5": {
      "version": "7.3.0",
      "resolved": "https://registry.npmjs.org/parse5/-/parse5-7.3.0.tgz",
      "integrity": "sha512-IInvU7fabl34qmi9gY8XOVxhYyMyuH2xUNpb2q8/Y+7552KlejkRvqvD19nMoUW/uQGGbqNpA6Tufu5FL5BZgw==",
      "dependencies": {
        "entities": "^6.0.0"
      },
      "funding": {
        "url": "https://github.com/inikulin/parse5?sponsor=1"
      }
    },
    "node_modules/postcss": {
      "resolved": "../node_modules/.pnpm/postcss@8.5.3/node_modules/postcss",
      "link": true
    },
    "node_modules/rxjs": {
      "resolved": "../node_modules/.pnpm/rxjs@7.8.2/node_modules/rxjs",
      "link": true
    },
    "node_modules/tailwindcss": {
      "resolved": "../node_modules/.pnpm/tailwindcss@3.4.17/node_modules/tailwindcss",
      "link": true
    },
    "node_modules/tslib": {
      "resolved": "../node_modules/.pnpm/tslib@2.8.1/node_modules/tslib",
      "link": true
    },
    "node_modules/typescript": {
      "resolved": "../node_modules/.pnpm/typescript@5.7.3/node_modules/typescript",
      "link": true
    },
    "node_modules/zone.js": {
      "resolved": "../node_modules/.pnpm/zone.js@0.15.0/node_modules/zone.js",
      "link": true
    }
  }
}
